
Microsoft Visual Studio Solution File, Format Version 12.00
# Visual Studio 2013
VisualStudioVersion = 12.0.31101.0
MinimumVisualStudioVersion = 10.0.40219.1
Project("{2150E333-8FDC-42A3-9474-1A3956D46DE8}") = "Common", "Common", "{E4AA4FC6-CE89-471F-B981-6D4B0A6C09B4}"
EndProject
Project("{2150E333-8FDC-42A3-9474-1A3956D46DE8}") = "Models", "Models", "{9DDA5B39-00FC-4428-A243-FF3773CF1C71}"
EndProject
Project("{2150E333-8FDC-42A3-9474-1A3956D46DE8}") = "Repositories", "Repositories", "{302526C7-D883-452D-9B2D-E904DCB422FC}"
EndProject
Project("{2150E333-8FDC-42A3-9474-1A3956D46DE8}") = "BusRules", "BusRules", "{25A3DD9D-910A-4BB0-9FED-B42880822CC7}"
EndProject
Project("{2150E333-8FDC-42A3-9474-1A3956D46DE8}") = "Tests", "Tests", "{3EF69DE6-334F-4842-9942-CF4AE87E4879}"
EndProject
Project("{2150E333-8FDC-42A3-9474-1A3956D46DE8}") = "FrontEnd", "FrontEnd", "{1639F201-AB0F-47BD-8FFA-5B4F4DC466F4}"
EndProject
Project("{2150E333-8FDC-42A3-9474-1A3956D46DE8}") = "DataAccqu", "DataAccqu", "{53E92DED-924D-47A6-8C61-ED0CBD780AF0}"
EndProject
Project("{FAE04EC0-301F-11D3-BF4B-00C04F79EFBC}") = "ReadBankInstitutions", "ReadBankInstitutions\ReadBankInstitutions.csproj", "{97D8A06A-3256-4DF6-B363-593D222AAFD5}"
EndProject
Project("{FAE04EC0-301F-11D3-BF4B-00C04F79EFBC}") = "ReadBankInstitutionsTests", "ReadBankInstitutionsTests\ReadBankInstitutionsTests.csproj", "{FC5F1E9C-D021-4FAD-A0F4-09B5E9D5E77D}"
EndProject
Project("{2150E333-8FDC-42A3-9474-1A3956D46DE8}") = "InputData", "InputData", "{2BB400CD-DDB5-415C-A9C2-B5B3D703AC83}"
EndProject
Project("{FAE04EC0-301F-11D3-BF4B-00C04F79EFBC}") = "InputDataModel", "InputDataModel\InputDataModel.csproj", "{A1D989F9-0BF6-4766-8638-7DC39A29B49A}"
EndProject
Project("{2150E333-8FDC-42A3-9474-1A3956D46DE8}") = "Solution Items", "Solution Items", "{E89DADBC-A535-4F9F-A5B1-12683C1DC78F}"
	ProjectSection(SolutionItems) = preProject
		Performance1.psess = Performance1.psess
	EndProjectSection
EndProject
Project("{FAE04EC0-301F-11D3-BF4B-00C04F79EFBC}") = "CSVTools", "CSVTools\CSVTools.csproj", "{8FB8CD80-1B4F-47B1-801A-429AA3514342}"
EndProject
Project("{FAE04EC0-301F-11D3-BF4B-00C04F79EFBC}") = "CSVToolsTests", "CSVToolsTests\CSVToolsTests.csproj", "{FB7D97A5-7081-4806-B139-761EAB45AF48}"
EndProject
Project("{2150E333-8FDC-42A3-9474-1A3956D46DE8}") = "DatabaseModel", "DatabaseModel", "{E95DC04E-5B77-4502-9102-73EF539E3F87}"
EndProject
Project("{FAE04EC0-301F-11D3-BF4B-00C04F79EFBC}") = "GovDataModel", "GovDataModel\GovDataModel.csproj", "{6F829889-D23D-4CEA-9B3B-713A5700BCFF}"
EndProject
Project("{FAE04EC0-301F-11D3-BF4B-00C04F79EFBC}") = "Infrastructure", "Infrastructure\Infrastructure.csproj", "{499C4F0C-0965-429E-8461-CD268D1EDF8A}"
EndProject
Project("{FAE04EC0-301F-11D3-BF4B-00C04F79EFBC}") = "Repository.EF", "Repository.EF\Repository.EF.csproj", "{2BC36398-DE6E-4704-8F40-DEB4C603BF30}"
EndProject
Global
	GlobalSection(SolutionConfigurationPlatforms) = preSolution
		Debug|Any CPU = Debug|Any CPU
		Release|Any CPU = Release|Any CPU
	EndGlobalSection
	GlobalSection(ProjectConfigurationPlatforms) = postSolution
		{97D8A06A-3256-4DF6-B363-593D222AAFD5}.Debug|Any CPU.ActiveCfg = Debug|Any CPU
		{97D8A06A-3256-4DF6-B363-593D222AAFD5}.Debug|Any CPU.Build.0 = Debug|Any CPU
		{97D8A06A-3256-4DF6-B363-593D222AAFD5}.Release|Any CPU.ActiveCfg = Release|Any CPU
		{97D8A06A-3256-4DF6-B363-593D222AAFD5}.Release|Any CPU.Build.0 = Release|Any CPU
		{FC5F1E9C-D021-4FAD-A0F4-09B5E9D5E77D}.Debug|Any CPU.ActiveCfg = Debug|Any CPU
		{FC5F1E9C-D021-4FAD-A0F4-09B5E9D5E77D}.Debug|Any CPU.Build.0 = Debug|Any CPU
		{FC5F1E9C-D021-4FAD-A0F4-09B5E9D5E77D}.Release|Any CPU.ActiveCfg = Release|Any CPU
		{FC5F1E9C-D021-4FAD-A0F4-09B5E9D5E77D}.Release|Any CPU.Build.0 = Release|Any CPU
		{A1D989F9-0BF6-4766-8638-7DC39A29B49A}.Debug|Any CPU.ActiveCfg = Debug|Any CPU
		{A1D989F9-0BF6-4766-8638-7DC39A29B49A}.Debug|Any CPU.Build.0 = Debug|Any CPU
		{A1D989F9-0BF6-4766-8638-7DC39A29B49A}.Release|Any CPU.ActiveCfg = Release|Any CPU
		{A1D989F9-0BF6-4766-8638-7DC39A29B49A}.Release|Any CPU.Build.0 = Release|Any CPU
		{8FB8CD80-1B4F-47B1-801A-429AA3514342}.Debug|Any CPU.ActiveCfg = Debug|Any CPU
		{8FB8CD80-1B4F-47B1-801A-429AA3514342}.Debug|Any CPU.Build.0 = Debug|Any CPU
		{8FB8CD80-1B4F-47B1-801A-429AA3514342}.Release|Any CPU.ActiveCfg = Release|Any CPU
		{8FB8CD80-1B4F-47B1-801A-429AA3514342}.Release|Any CPU.Build.0 = Release|Any CPU
		{FB7D97A5-7081-4806-B139-761EAB45AF48}.Debug|Any CPU.ActiveCfg = Debug|Any CPU
		{FB7D97A5-7081-4806-B139-761EAB45AF48}.Debug|Any CPU.Build.0 = Debug|Any CPU
		{FB7D97A5-7081-4806-B139-761EAB45AF48}.Release|Any CPU.ActiveCfg = Release|Any CPU
		{FB7D97A5-7081-4806-B139-761EAB45AF48}.Release|Any CPU.Build.0 = Release|Any CPU
		{6F829889-D23D-4CEA-9B3B-713A5700BCFF}.Debug|Any CPU.ActiveCfg = Debug|Any CPU
		{6F829889-D23D-4CEA-9B3B-713A5700BCFF}.Debug|Any CPU.Build.0 = Debug|Any CPU
		{6F829889-D23D-4CEA-9B3B-713A5700BCFF}.Release|Any CPU.ActiveCfg = Release|Any CPU
		{6F829889-D23D-4CEA-9B3B-713A5700BCFF}.Release|Any CPU.Build.0 = Release|Any CPU
		{499C4F0C-0965-429E-8461-CD268D1EDF8A}.Debug|Any CPU.ActiveCfg = Debug|Any CPU
		{499C4F0C-0965-429E-8461-CD268D1EDF8A}.Debug|Any CPU.Build.0 = Debug|Any CPU
		{499C4F0C-0965-429E-8461-CD268D1EDF8A}.Release|Any CPU.ActiveCfg = Release|Any CPU
		{499C4F0C-0965-429E-8461-CD268D1EDF8A}.Release|Any CPU.Build.0 = Release|Any CPU
		{2BC36398-DE6E-4704-8F40-DEB4C603BF30}.Debug|Any CPU.ActiveCfg = Debug|Any CPU
		{2BC36398-DE6E-4704-8F40-DEB4C603BF30}.Debug|Any CPU.Build.0 = Debug|Any CPU
		{2BC36398-DE6E-4704-8F40-DEB4C603BF30}.Release|Any CPU.ActiveCfg = Release|Any CPU
		{2BC36398-DE6E-4704-8F40-DEB4C603BF30}.Release|Any CPU.Build.0 = Release|Any CPU
	EndGlobalSection
	GlobalSection(SolutionProperties) = preSolution
		HideSolutionNode = FALSE
	EndGlobalSection
	GlobalSection(NestedProjects) = preSolution
		{97D8A06A-3256-4DF6-B363-593D222AAFD5} = {53E92DED-924D-47A6-8C61-ED0CBD780AF0}
		{FC5F1E9C-D021-4FAD-A0F4-09B5E9D5E77D} = {3EF69DE6-334F-4842-9942-CF4AE87E4879}
		{2BB400CD-DDB5-415C-A9C2-B5B3D703AC83} = {9DDA5B39-00FC-4428-A243-FF3773CF1C71}
		{A1D989F9-0BF6-4766-8638-7DC39A29B49A} = {2BB400CD-DDB5-415C-A9C2-B5B3D703AC83}
		{8FB8CD80-1B4F-47B1-801A-429AA3514342} = {E4AA4FC6-CE89-471F-B981-6D4B0A6C09B4}
		{FB7D97A5-7081-4806-B139-761EAB45AF48} = {3EF69DE6-334F-4842-9942-CF4AE87E4879}
		{E95DC04E-5B77-4502-9102-73EF539E3F87} = {9DDA5B39-00FC-4428-A243-FF3773CF1C71}
		{6F829889-D23D-4CEA-9B3B-713A5700BCFF} = {E95DC04E-5B77-4502-9102-73EF539E3F87}
		{499C4F0C-0965-429E-8461-CD268D1EDF8A} = {E4AA4FC6-CE89-471F-B981-6D4B0A6C09B4}
		{2BC36398-DE6E-4704-8F40-DEB4C603BF30} = {302526C7-D883-452D-9B2D-E904DCB422FC}
	EndGlobalSection
	GlobalSection(Performance) = preSolution
		HasPerformanceSessions = true
	EndGlobalSection
EndGlobal
